
Microsoft Visual Studio Solution File, Format Version 12.00
# Visual Studio Version 16
VisualStudioVersion = 25.0.1703.8
MinimumVisualStudioVersion = 10.0.40219.1
Project("{FAE04EC0-301F-11D3-BF4B-00C04F79EFBC}") = "SudokuGenerator", "SudokuGenerator\SudokuGenerator.csproj", "{959E27BC-3F8D-4B29-A1DC-988B9F8F4A4E}"
EndProject
Global
	GlobalSection(SolutionConfigurationPlatforms) = preSolution
		Debug|Any CPU = Debug|Any CPU
		Release|Any CPU = Release|Any CPU
	EndGlobalSection
	GlobalSection(ProjectConfigurationPlatforms) = postSolution
		{959E27BC-3F8D-4B29-A1DC-988B9F8F4A4E}.Debug|Any CPU.ActiveCfg = Debug|Any CPU
		{959E27BC-3F8D-4B29-A1DC-988B9F8F4A4E}.Debug|Any CPU.Build.0 = Debug|Any CPU
		{959E27BC-3F8D-4B29-A1DC-988B9F8F4A4E}.Release|Any CPU.ActiveCfg = Release|Any CPU
		{959E27BC-3F8D-4B29-A1DC-988B9F8F4A4E}.Release|Any CPU.Build.0 = Release|Any CPU
	EndGlobalSection
	GlobalSection(SolutionProperties) = preSolution
		HideSolutionNode = FALSE
	EndGlobalSection
	GlobalSection(ExtensibilityGlobals) = postSolution
		SolutionGuid = {B804A647-65E8-4648-A6EB-4258BE3AE921}
	EndGlobalSection
EndGlobal
